
Microsoft Visual Studio Solution File, Format Version 12.00
# Visual Studio Version 17
VisualStudioVersion = 17.10.35013.160
MinimumVisualStudioVersion = 10.0.40219.1
Project("{FAE04EC0-301F-11D3-BF4B-00C04F79EFBC}") = "Unit Converter", "Unit Converter.csproj", "{30125BF8-38D9-4257-8C90-DF58D9C86738}"
EndProject
Global
	GlobalSection(SolutionConfigurationPlatforms) = preSolution
		Debug|Any CPU = Debug|Any CPU
		Release|Any CPU = Release|Any CPU
	EndGlobalSection
	GlobalSection(ProjectConfigurationPlatforms) = postSolution
		{30125BF8-38D9-4257-8C90-DF58D9C86738}.Debug|Any CPU.ActiveCfg = Debug|Any CPU
		{30125BF8-38D9-4257-8C90-DF58D9C86738}.Debug|Any CPU.Build.0 = Debug|Any CPU
		{30125BF8-38D9-4257-8C90-DF58D9C86738}.Release|Any CPU.ActiveCfg = Release|Any CPU
		{30125BF8-38D9-4257-8C90-DF58D9C86738}.Release|Any CPU.Build.0 = Release|Any CPU
	EndGlobalSection
	GlobalSection(SolutionProperties) = preSolution
		HideSolutionNode = FALSE
	EndGlobalSection
	GlobalSection(ExtensibilityGlobals) = postSolution
		SolutionGuid = {D4205240-1E64-40CA-B201-57C044493CB7}
	EndGlobalSection
EndGlobal
