
Microsoft Visual Studio Solution File, Format Version 12.00
# Visual Studio Version 17
VisualStudioVersion = 17.10.35013.160
MinimumVisualStudioVersion = 10.0.40219.1
Project("{FAE04EC0-301F-11D3-BF4B-00C04F79EFBC}") = "Weather Chat Bott", "Weather Chat Bott.csproj", "{FAB0E442-CADD-4FFC-8FC7-A3BFFD20EF99}"
EndProject
Global
	GlobalSection(SolutionConfigurationPlatforms) = preSolution
		Debug|Any CPU = Debug|Any CPU
		Release|Any CPU = Release|Any CPU
	EndGlobalSection
	GlobalSection(ProjectConfigurationPlatforms) = postSolution
		{FAB0E442-CADD-4FFC-8FC7-A3BFFD20EF99}.Debug|Any CPU.ActiveCfg = Debug|Any CPU
		{FAB0E442-CADD-4FFC-8FC7-A3BFFD20EF99}.Debug|Any CPU.Build.0 = Debug|Any CPU
		{FAB0E442-CADD-4FFC-8FC7-A3BFFD20EF99}.Release|Any CPU.ActiveCfg = Release|Any CPU
		{FAB0E442-CADD-4FFC-8FC7-A3BFFD20EF99}.Release|Any CPU.Build.0 = Release|Any CPU
	EndGlobalSection
	GlobalSection(SolutionProperties) = preSolution
		HideSolutionNode = FALSE
	EndGlobalSection
	GlobalSection(ExtensibilityGlobals) = postSolution
		SolutionGuid = {A9A15C52-F6CD-433E-8D35-BD6618F9052A}
	EndGlobalSection
EndGlobal
